
Microsoft Visual Studio Solution File, Format Version 12.00
# Visual Studio Version 17
VisualStudioVersion = 17.4.33213.308
MinimumVisualStudioVersion = 10.0.40219.1
Project("{F184B08F-C81C-45F6-A57F-5ABD9991F28F}") = "DS_SAinWF_VB", "DS_SAinWF_VB.vbproj", "{EE76EDBD-579E-46C2-A607-09BB59490907}"
EndProject
Global
	GlobalSection(SolutionConfigurationPlatforms) = preSolution
		Debug|Any CPU = Debug|Any CPU
		Release|Any CPU = Release|Any CPU
	EndGlobalSection
	GlobalSection(ProjectConfigurationPlatforms) = postSolution
		{EE76EDBD-579E-46C2-A607-09BB59490907}.Debug|Any CPU.ActiveCfg = Debug|Any CPU
		{EE76EDBD-579E-46C2-A607-09BB59490907}.Debug|Any CPU.Build.0 = Debug|Any CPU
		{EE76EDBD-579E-46C2-A607-09BB59490907}.Release|Any CPU.ActiveCfg = Release|Any CPU
		{EE76EDBD-579E-46C2-A607-09BB59490907}.Release|Any CPU.Build.0 = Release|Any CPU
	EndGlobalSection
	GlobalSection(SolutionProperties) = preSolution
		HideSolutionNode = FALSE
	EndGlobalSection
	GlobalSection(ExtensibilityGlobals) = postSolution
		SolutionGuid = {72EC5F5B-BC7F-435D-A24D-A4FC478A5C8B}
	EndGlobalSection
EndGlobal
